
Microsoft Visual Studio Solution File, Format Version 12.00
# Visual Studio Version 17
VisualStudioVersion = 17.0.31903.59
MinimumVisualStudioVersion = 10.0.40219.1
Project("{FAE04EC0-301F-11D3-BF4B-00C04F79EFBC}") = "Näsan 1", "Näsan 1\Näsan 1.csproj", "{BCA32C42-8324-4F3A-BD36-EEC9585CFA45}"
EndProject
Global
	GlobalSection(SolutionConfigurationPlatforms) = preSolution
		Debug|Any CPU = Debug|Any CPU
		Release|Any CPU = Release|Any CPU
	EndGlobalSection
	GlobalSection(SolutionProperties) = preSolution
		HideSolutionNode = FALSE
	EndGlobalSection
	GlobalSection(ProjectConfigurationPlatforms) = postSolution
		{BCA32C42-8324-4F3A-BD36-EEC9585CFA45}.Debug|Any CPU.ActiveCfg = Debug|Any CPU
		{BCA32C42-8324-4F3A-BD36-EEC9585CFA45}.Debug|Any CPU.Build.0 = Debug|Any CPU
		{BCA32C42-8324-4F3A-BD36-EEC9585CFA45}.Release|Any CPU.ActiveCfg = Release|Any CPU
		{BCA32C42-8324-4F3A-BD36-EEC9585CFA45}.Release|Any CPU.Build.0 = Release|Any CPU
	EndGlobalSection
EndGlobal
